// !$*UTF8*$!
{
	archiveVersion = 1;
	classes = {
	};
	objectVersion = 56;
	objects = {

/* Begin PBXBuildFile section */
		A44B9CF42BC51886008D9EC7 /* Reservation.swift in Sources */ = {isa = PBXBuildFile; fileRef = A44B9CF32BC51886008D9EC7 /* Reservation.swift */; };
		A44B9CF62BC518EC008D9EC7 /* RestaurantLocation.swift in Sources */ = {isa = PBXBuildFile; fileRef = A44B9CF52BC518EC008D9EC7 /* RestaurantLocation.swift */; };
		A44B9CF82BC518FE008D9EC7 /* MenuItem.swift in Sources */ = {isa = PBXBuildFile; fileRef = A44B9CF72BC518FE008D9EC7 /* MenuItem.swift */; };
		A44B9CFA2BC5195B008D9EC7 /* UUID.swift in Sources */ = {isa = PBXBuildFile; fileRef = A44B9CF92BC5195B008D9EC7 /* UUID.swift */; };
		A44B9CFE2BC53E83008D9EC7 /* OrderDetailView.swift in Sources */ = {isa = PBXBuildFile; fileRef = A44B9CFD2BC53E83008D9EC7 /* OrderDetailView.swift */; };
		A44B9D002BC5424E008D9EC7 /* OrderProgressView.swift in Sources */ = {isa = PBXBuildFile; fileRef = A44B9CFF2BC5424E008D9EC7 /* OrderProgressView.swift */; };
		A44B9D022BC5B05D008D9EC7 /* OrderStatus.swift in Sources */ = {isa = PBXBuildFile; fileRef = A44B9D012BC5B05C008D9EC7 /* OrderStatus.swift */; };
		A44B9D042BC5B06C008D9EC7 /* Address.swift in Sources */ = {isa = PBXBuildFile; fileRef = A44B9D032BC5B06C008D9EC7 /* Address.swift */; };
		A44B9D062BC5B09C008D9EC7 /* ReservationStatus.swift in Sources */ = {isa = PBXBuildFile; fileRef = A44B9D052BC5B09C008D9EC7 /* ReservationStatus.swift */; };
		A44B9D082BC5B0C1008D9EC7 /* ApiError.swift in Sources */ = {isa = PBXBuildFile; fileRef = A44B9D072BC5B0C1008D9EC7 /* ApiError.swift */; };
		A44B9D0A2BC5B18D008D9EC7 /* NetworkingError.swift in Sources */ = {isa = PBXBuildFile; fileRef = A44B9D092BC5B18D008D9EC7 /* NetworkingError.swift */; };
		A44B9D0C2BC6BC1C008D9EC7 /* MenuDetailView.swift in Sources */ = {isa = PBXBuildFile; fileRef = A44B9D0B2BC6BC1C008D9EC7 /* MenuDetailView.swift */; };
		A44B9D0E2BC6C4C0008D9EC7 /* ReservationListView.swift in Sources */ = {isa = PBXBuildFile; fileRef = A44B9D0D2BC6C4C0008D9EC7 /* ReservationListView.swift */; };
		A44B9D1F2BC71C1E008D9EC7 /* DataCommunicator.swift in Sources */ = {isa = PBXBuildFile; fileRef = A44B9D1E2BC71C1E008D9EC7 /* DataCommunicator.swift */; };
		A44B9D212BC720B9008D9EC7 /* DeliveryChecker.swift in Sources */ = {isa = PBXBuildFile; fileRef = A44B9D202BC720B9008D9EC7 /* DeliveryChecker.swift */; };
		A44B9D242BC720FD008D9EC7 /* DeliveryCheckerType.swift in Sources */ = {isa = PBXBuildFile; fileRef = A44B9D232BC720FD008D9EC7 /* DeliveryCheckerType.swift */; };
		A44B9D262BC7210C008D9EC7 /* DeliveryOption.swift in Sources */ = {isa = PBXBuildFile; fileRef = A44B9D252BC7210C008D9EC7 /* DeliveryOption.swift */; };
		A44B9D292BC7BC8C008D9EC7 /* OrderViewModel.swift in Sources */ = {isa = PBXBuildFile; fileRef = A44B9D282BC7BC8C008D9EC7 /* OrderViewModel.swift */; };
		A44B9D2B2BC7E055008D9EC7 /* CustomAlertView.swift in Sources */ = {isa = PBXBuildFile; fileRef = A44B9D2A2BC7E055008D9EC7 /* CustomAlertView.swift */; };
		A44B9D2D2BC7E8FE008D9EC7 /* BasketViewModel.swift in Sources */ = {isa = PBXBuildFile; fileRef = A44B9D2C2BC7E8FE008D9EC7 /* BasketViewModel.swift */; };
		A44B9D2F2BC7ED34008D9EC7 /* OrderMenuViewModel.swift in Sources */ = {isa = PBXBuildFile; fileRef = A44B9D2E2BC7ED34008D9EC7 /* OrderMenuViewModel.swift */; };
		A44B9D312BC7F3B8008D9EC7 /* OrderListViewModel.swift in Sources */ = {isa = PBXBuildFile; fileRef = A44B9D302BC7F3B8008D9EC7 /* OrderListViewModel.swift */; };
		A44B9D332BC81357008D9EC7 /* OrderDetailViewModel.swift in Sources */ = {isa = PBXBuildFile; fileRef = A44B9D322BC81357008D9EC7 /* OrderDetailViewModel.swift */; };
		A44B9D352BC81C77008D9EC7 /* MenuDetailViewModel.swift in Sources */ = {isa = PBXBuildFile; fileRef = A44B9D342BC81C77008D9EC7 /* MenuDetailViewModel.swift */; };
		A44B9D372BC82000008D9EC7 /* ReservationListViewModel.swift in Sources */ = {isa = PBXBuildFile; fileRef = A44B9D362BC82000008D9EC7 /* ReservationListViewModel.swift */; };
		A44B9D392BC822AA008D9EC7 /* ReserveViewModel.swift in Sources */ = {isa = PBXBuildFile; fileRef = A44B9D382BC822AA008D9EC7 /* ReserveViewModel.swift */; };
		A4A94B632BC42A2B00E163ED /* NavigationPopper.swift in Sources */ = {isa = PBXBuildFile; fileRef = A4A94B622BC42A2B00E163ED /* NavigationPopper.swift */; };
		A4A94B652BC4479300E163ED /* OrderListView.swift in Sources */ = {isa = PBXBuildFile; fileRef = A4A94B642BC4479300E163ED /* OrderListView.swift */; };
		A4B9608A2BC0894F00CFF624 /* BasketView.swift in Sources */ = {isa = PBXBuildFile; fileRef = A4B960892BC0894F00CFF624 /* BasketView.swift */; };
		A4B9608C2BC15E3200CFF624 /* LandingView.swift in Sources */ = {isa = PBXBuildFile; fileRef = A4B9608B2BC15E3200CFF624 /* LandingView.swift */; };
		A4B960922BC1DABF00CFF624 /* ReserveView.swift in Sources */ = {isa = PBXBuildFile; fileRef = A4B960912BC1DABF00CFF624 /* ReserveView.swift */; };
		A4D336322BC2A17A003014CE /* Date.swift in Sources */ = {isa = PBXBuildFile; fileRef = A4D336312BC2A17A003014CE /* Date.swift */; };
		A4D336342BC2AE0F003014CE /* OrderMenuView.swift in Sources */ = {isa = PBXBuildFile; fileRef = A4D336332BC2AE0F003014CE /* OrderMenuView.swift */; };
		A4D336382BC2B274003014CE /* Menu.json in Resources */ = {isa = PBXBuildFile; fileRef = A4D336372BC2B274003014CE /* Menu.json */; };
		A4D3363A2BC2B3B0003014CE /* Menu.swift in Sources */ = {isa = PBXBuildFile; fileRef = A4D336392BC2B3B0003014CE /* Menu.swift */; };
		A4D3363C2BC320AC003014CE /* MenuItemView.swift in Sources */ = {isa = PBXBuildFile; fileRef = A4D3363B2BC320AC003014CE /* MenuItemView.swift */; };
		A4D3363E2BC3F08B003014CE /* Order.swift in Sources */ = {isa = PBXBuildFile; fileRef = A4D3363D2BC3F08B003014CE /* Order.swift */; };
		A4D336402BC3F486003014CE /* GoogleService-Info.plist in Resources */ = {isa = PBXBuildFile; fileRef = A4D3363F2BC3F486003014CE /* GoogleService-Info.plist */; };
		A4D336432BC3F4FF003014CE /* FirebaseAuth in Frameworks */ = {isa = PBXBuildFile; productRef = A4D336422BC3F4FF003014CE /* FirebaseAuth */; };
		A4D336452BC3F4FF003014CE /* FirebaseFirestore in Frameworks */ = {isa = PBXBuildFile; productRef = A4D336442BC3F4FF003014CE /* FirebaseFirestore */; };
		A4D336842BC3F743003014CE /* FirebaseHandler.swift in Sources */ = {isa = PBXBuildFile; fileRef = A4D336832BC3F743003014CE /* FirebaseHandler.swift */; };
		A4D7CEF02BC01DDF00FA5650 /* Spacca_NapoliApp.swift in Sources */ = {isa = PBXBuildFile; fileRef = A4D7CEEF2BC01DDF00FA5650 /* Spacca_NapoliApp.swift */; };
		A4D7CEF22BC01DDF00FA5650 /* OrderView.swift in Sources */ = {isa = PBXBuildFile; fileRef = A4D7CEF12BC01DDF00FA5650 /* OrderView.swift */; };
		A4D7CEF42BC01DE200FA5650 /* Assets.xcassets in Resources */ = {isa = PBXBuildFile; fileRef = A4D7CEF32BC01DE200FA5650 /* Assets.xcassets */; };
		A4D7CEF72BC01DE200FA5650 /* Preview Assets.xcassets in Resources */ = {isa = PBXBuildFile; fileRef = A4D7CEF62BC01DE200FA5650 /* Preview Assets.xcassets */; };
		A4D7CF012BC01DE300FA5650 /* Spacca_NapoliTests.swift in Sources */ = {isa = PBXBuildFile; fileRef = A4D7CF002BC01DE300FA5650 /* Spacca_NapoliTests.swift */; };
		A4D7CF0B2BC01DE300FA5650 /* Spacca_NapoliUITests.swift in Sources */ = {isa = PBXBuildFile; fileRef = A4D7CF0A2BC01DE300FA5650 /* Spacca_NapoliUITests.swift */; };
		A4D7CF0D2BC01DE300FA5650 /* Spacca_NapoliUITestsLaunchTests.swift in Sources */ = {isa = PBXBuildFile; fileRef = A4D7CF0C2BC01DE300FA5650 /* Spacca_NapoliUITestsLaunchTests.swift */; };
		A4D7CF1A2BC029F400FA5650 /* GeocodeResponse.swift in Sources */ = {isa = PBXBuildFile; fileRef = A4D7CF192BC029F400FA5650 /* GeocodeResponse.swift */; };
		A4D7CF1C2BC02C1300FA5650 /* ApiCaller.swift in Sources */ = {isa = PBXBuildFile; fileRef = A4D7CF1B2BC02C1300FA5650 /* ApiCaller.swift */; };
		A4D7CF1E2BC0349000FA5650 /* DistanceCalculator.swift in Sources */ = {isa = PBXBuildFile; fileRef = A4D7CF1D2BC0349000FA5650 /* DistanceCalculator.swift */; };
		A4D7CF242BC0792400FA5650 /* MenuView.swift in Sources */ = {isa = PBXBuildFile; fileRef = A4D7CF232BC0792400FA5650 /* MenuView.swift */; };
		A4D7CF262BC0793A00FA5650 /* MenuViewModel.swift in Sources */ = {isa = PBXBuildFile; fileRef = A4D7CF252BC0793A00FA5650 /* MenuViewModel.swift */; };
/* End PBXBuildFile section */

/* Begin PBXContainerItemProxy section */
		A4D7CEFD2BC01DE300FA5650 /* PBXContainerItemProxy */ = {
			isa = PBXContainerItemProxy;
			containerPortal = A4D7CEE42BC01DDF00FA5650 /* Project object */;
			proxyType = 1;
			remoteGlobalIDString = A4D7CEEB2BC01DDF00FA5650;
			remoteInfo = "Spacca Napoli";
		};
		A4D7CF072BC01DE300FA5650 /* PBXContainerItemProxy */ = {
			isa = PBXContainerItemProxy;
			containerPortal = A4D7CEE42BC01DDF00FA5650 /* Project object */;
			proxyType = 1;
			remoteGlobalIDString = A4D7CEEB2BC01DDF00FA5650;
			remoteInfo = "Spacca Napoli";
		};
/* End PBXContainerItemProxy section */

/* Begin PBXFileReference section */
		A44B9CF32BC51886008D9EC7 /* Reservation.swift */ = {isa = PBXFileReference; lastKnownFileType = sourcecode.swift; path = Reservation.swift; sourceTree = "<group>"; };
		A44B9CF52BC518EC008D9EC7 /* RestaurantLocation.swift */ = {isa = PBXFileReference; lastKnownFileType = sourcecode.swift; path = RestaurantLocation.swift; sourceTree = "<group>"; };
		A44B9CF72BC518FE008D9EC7 /* MenuItem.swift */ = {isa = PBXFileReference; lastKnownFileType = sourcecode.swift; path = MenuItem.swift; sourceTree = "<group>"; };
		A44B9CF92BC5195B008D9EC7 /* UUID.swift */ = {isa = PBXFileReference; lastKnownFileType = sourcecode.swift; path = UUID.swift; sourceTree = "<group>"; };
		A44B9CFD2BC53E83008D9EC7 /* OrderDetailView.swift */ = {isa = PBXFileReference; lastKnownFileType = sourcecode.swift; path = OrderDetailView.swift; sourceTree = "<group>"; };
		A44B9CFF2BC5424E008D9EC7 /* OrderProgressView.swift */ = {isa = PBXFileReference; lastKnownFileType = sourcecode.swift; path = OrderProgressView.swift; sourceTree = "<group>"; };
		A44B9D012BC5B05C008D9EC7 /* OrderStatus.swift */ = {isa = PBXFileReference; lastKnownFileType = sourcecode.swift; path = OrderStatus.swift; sourceTree = "<group>"; };
		A44B9D032BC5B06C008D9EC7 /* Address.swift */ = {isa = PBXFileReference; lastKnownFileType = sourcecode.swift; path = Address.swift; sourceTree = "<group>"; };
		A44B9D052BC5B09C008D9EC7 /* ReservationStatus.swift */ = {isa = PBXFileReference; lastKnownFileType = sourcecode.swift; path = ReservationStatus.swift; sourceTree = "<group>"; };
		A44B9D072BC5B0C1008D9EC7 /* ApiError.swift */ = {isa = PBXFileReference; lastKnownFileType = sourcecode.swift; path = ApiError.swift; sourceTree = "<group>"; };
		A44B9D092BC5B18D008D9EC7 /* NetworkingError.swift */ = {isa = PBXFileReference; lastKnownFileType = sourcecode.swift; path = NetworkingError.swift; sourceTree = "<group>"; };
		A44B9D0B2BC6BC1C008D9EC7 /* MenuDetailView.swift */ = {isa = PBXFileReference; lastKnownFileType = sourcecode.swift; path = MenuDetailView.swift; sourceTree = "<group>"; };
		A44B9D0D2BC6C4C0008D9EC7 /* ReservationListView.swift */ = {isa = PBXFileReference; lastKnownFileType = sourcecode.swift; path = ReservationListView.swift; sourceTree = "<group>"; };
		A44B9D1E2BC71C1E008D9EC7 /* DataCommunicator.swift */ = {isa = PBXFileReference; lastKnownFileType = sourcecode.swift; path = DataCommunicator.swift; sourceTree = "<group>"; };
		A44B9D202BC720B9008D9EC7 /* DeliveryChecker.swift */ = {isa = PBXFileReference; lastKnownFileType = sourcecode.swift; path = DeliveryChecker.swift; sourceTree = "<group>"; };
		A44B9D232BC720FD008D9EC7 /* DeliveryCheckerType.swift */ = {isa = PBXFileReference; lastKnownFileType = sourcecode.swift; path = DeliveryCheckerType.swift; sourceTree = "<group>"; };
		A44B9D252BC7210C008D9EC7 /* DeliveryOption.swift */ = {isa = PBXFileReference; lastKnownFileType = sourcecode.swift; path = DeliveryOption.swift; sourceTree = "<group>"; };
		A44B9D282BC7BC8C008D9EC7 /* OrderViewModel.swift */ = {isa = PBXFileReference; lastKnownFileType = sourcecode.swift; path = OrderViewModel.swift; sourceTree = "<group>"; };
		A44B9D2A2BC7E055008D9EC7 /* CustomAlertView.swift */ = {isa = PBXFileReference; lastKnownFileType = sourcecode.swift; path = CustomAlertView.swift; sourceTree = "<group>"; };
		A44B9D2C2BC7E8FE008D9EC7 /* BasketViewModel.swift */ = {isa = PBXFileReference; lastKnownFileType = sourcecode.swift; path = BasketViewModel.swift; sourceTree = "<group>"; };
		A44B9D2E2BC7ED34008D9EC7 /* OrderMenuViewModel.swift */ = {isa = PBXFileReference; lastKnownFileType = sourcecode.swift; path = OrderMenuViewModel.swift; sourceTree = "<group>"; };
		A44B9D302BC7F3B8008D9EC7 /* OrderListViewModel.swift */ = {isa = PBXFileReference; lastKnownFileType = sourcecode.swift; path = OrderListViewModel.swift; sourceTree = "<group>"; };
		A44B9D322BC81357008D9EC7 /* OrderDetailViewModel.swift */ = {isa = PBXFileReference; lastKnownFileType = sourcecode.swift; path = OrderDetailViewModel.swift; sourceTree = "<group>"; };
		A44B9D342BC81C77008D9EC7 /* MenuDetailViewModel.swift */ = {isa = PBXFileReference; lastKnownFileType = sourcecode.swift; path = MenuDetailViewModel.swift; sourceTree = "<group>"; };
		A44B9D362BC82000008D9EC7 /* ReservationListViewModel.swift */ = {isa = PBXFileReference; lastKnownFileType = sourcecode.swift; path = ReservationListViewModel.swift; sourceTree = "<group>"; };
		A44B9D382BC822AA008D9EC7 /* ReserveViewModel.swift */ = {isa = PBXFileReference; lastKnownFileType = sourcecode.swift; path = ReserveViewModel.swift; sourceTree = "<group>"; };
		A4A94B622BC42A2B00E163ED /* NavigationPopper.swift */ = {isa = PBXFileReference; lastKnownFileType = sourcecode.swift; path = NavigationPopper.swift; sourceTree = "<group>"; };
		A4A94B642BC4479300E163ED /* OrderListView.swift */ = {isa = PBXFileReference; lastKnownFileType = sourcecode.swift; path = OrderListView.swift; sourceTree = "<group>"; };
		A4B960892BC0894F00CFF624 /* BasketView.swift */ = {isa = PBXFileReference; lastKnownFileType = sourcecode.swift; path = BasketView.swift; sourceTree = "<group>"; };
		A4B9608B2BC15E3200CFF624 /* LandingView.swift */ = {isa = PBXFileReference; lastKnownFileType = sourcecode.swift; path = LandingView.swift; sourceTree = "<group>"; };
		A4B960912BC1DABF00CFF624 /* ReserveView.swift */ = {isa = PBXFileReference; lastKnownFileType = sourcecode.swift; path = ReserveView.swift; sourceTree = "<group>"; };
		A4D336312BC2A17A003014CE /* Date.swift */ = {isa = PBXFileReference; lastKnownFileType = sourcecode.swift; path = Date.swift; sourceTree = "<group>"; };
		A4D336332BC2AE0F003014CE /* OrderMenuView.swift */ = {isa = PBXFileReference; lastKnownFileType = sourcecode.swift; path = OrderMenuView.swift; sourceTree = "<group>"; };
		A4D336372BC2B274003014CE /* Menu.json */ = {isa = PBXFileReference; lastKnownFileType = text.json; path = Menu.json; sourceTree = "<group>"; };
		A4D336392BC2B3B0003014CE /* Menu.swift */ = {isa = PBXFileReference; lastKnownFileType = sourcecode.swift; path = Menu.swift; sourceTree = "<group>"; };
		A4D3363B2BC320AC003014CE /* MenuItemView.swift */ = {isa = PBXFileReference; lastKnownFileType = sourcecode.swift; path = MenuItemView.swift; sourceTree = "<group>"; };
		A4D3363D2BC3F08B003014CE /* Order.swift */ = {isa = PBXFileReference; lastKnownFileType = sourcecode.swift; path = Order.swift; sourceTree = "<group>"; };
		A4D3363F2BC3F486003014CE /* GoogleService-Info.plist */ = {isa = PBXFileReference; fileEncoding = 4; lastKnownFileType = text.plist.xml; path = "GoogleService-Info.plist"; sourceTree = "<group>"; };
		A4D336832BC3F743003014CE /* FirebaseHandler.swift */ = {isa = PBXFileReference; lastKnownFileType = sourcecode.swift; path = FirebaseHandler.swift; sourceTree = "<group>"; };
		A4D7CEEC2BC01DDF00FA5650 /* Spacca Napoli.app */ = {isa = PBXFileReference; explicitFileType = wrapper.application; includeInIndex = 0; path = "Spacca Napoli.app"; sourceTree = BUILT_PRODUCTS_DIR; };
		A4D7CEEF2BC01DDF00FA5650 /* Spacca_NapoliApp.swift */ = {isa = PBXFileReference; lastKnownFileType = sourcecode.swift; path = Spacca_NapoliApp.swift; sourceTree = "<group>"; };
		A4D7CEF12BC01DDF00FA5650 /* OrderView.swift */ = {isa = PBXFileReference; lastKnownFileType = sourcecode.swift; path = OrderView.swift; sourceTree = "<group>"; };
		A4D7CEF32BC01DE200FA5650 /* Assets.xcassets */ = {isa = PBXFileReference; lastKnownFileType = folder.assetcatalog; path = Assets.xcassets; sourceTree = "<group>"; };
		A4D7CEF62BC01DE200FA5650 /* Preview Assets.xcassets */ = {isa = PBXFileReference; lastKnownFileType = folder.assetcatalog; path = "Preview Assets.xcassets"; sourceTree = "<group>"; };
		A4D7CEFC2BC01DE300FA5650 /* Spacca NapoliTests.xctest */ = {isa = PBXFileReference; explicitFileType = wrapper.cfbundle; includeInIndex = 0; path = "Spacca NapoliTests.xctest"; sourceTree = BUILT_PRODUCTS_DIR; };
		A4D7CF002BC01DE300FA5650 /* Spacca_NapoliTests.swift */ = {isa = PBXFileReference; lastKnownFileType = sourcecode.swift; path = Spacca_NapoliTests.swift; sourceTree = "<group>"; };
		A4D7CF062BC01DE300FA5650 /* Spacca NapoliUITests.xctest */ = {isa = PBXFileReference; explicitFileType = wrapper.cfbundle; includeInIndex = 0; path = "Spacca NapoliUITests.xctest"; sourceTree = BUILT_PRODUCTS_DIR; };
		A4D7CF0A2BC01DE300FA5650 /* Spacca_NapoliUITests.swift */ = {isa = PBXFileReference; lastKnownFileType = sourcecode.swift; path = Spacca_NapoliUITests.swift; sourceTree = "<group>"; };
		A4D7CF0C2BC01DE300FA5650 /* Spacca_NapoliUITestsLaunchTests.swift */ = {isa = PBXFileReference; lastKnownFileType = sourcecode.swift; path = Spacca_NapoliUITestsLaunchTests.swift; sourceTree = "<group>"; };
		A4D7CF192BC029F400FA5650 /* GeocodeResponse.swift */ = {isa = PBXFileReference; lastKnownFileType = sourcecode.swift; path = GeocodeResponse.swift; sourceTree = "<group>"; };
		A4D7CF1B2BC02C1300FA5650 /* ApiCaller.swift */ = {isa = PBXFileReference; lastKnownFileType = sourcecode.swift; path = ApiCaller.swift; sourceTree = "<group>"; };
		A4D7CF1D2BC0349000FA5650 /* DistanceCalculator.swift */ = {isa = PBXFileReference; lastKnownFileType = sourcecode.swift; path = DistanceCalculator.swift; sourceTree = "<group>"; };
		A4D7CF232BC0792400FA5650 /* MenuView.swift */ = {isa = PBXFileReference; lastKnownFileType = sourcecode.swift; path = MenuView.swift; sourceTree = "<group>"; };
		A4D7CF252BC0793A00FA5650 /* MenuViewModel.swift */ = {isa = PBXFileReference; lastKnownFileType = sourcecode.swift; path = MenuViewModel.swift; sourceTree = "<group>"; };
/* End PBXFileReference section */

/* Begin PBXFrameworksBuildPhase section */
		A4D7CEE92BC01DDF00FA5650 /* Frameworks */ = {
			isa = PBXFrameworksBuildPhase;
			buildActionMask = 2147483647;
			files = (
				A4D336432BC3F4FF003014CE /* FirebaseAuth in Frameworks */,
				A4D336452BC3F4FF003014CE /* FirebaseFirestore in Frameworks */,
			);
			runOnlyForDeploymentPostprocessing = 0;
		};
		A4D7CEF92BC01DE300FA5650 /* Frameworks */ = {
			isa = PBXFrameworksBuildPhase;
			buildActionMask = 2147483647;
			files = (
			);
			runOnlyForDeploymentPostprocessing = 0;
		};
		A4D7CF032BC01DE300FA5650 /* Frameworks */ = {
			isa = PBXFrameworksBuildPhase;
			buildActionMask = 2147483647;
			files = (
			);
			runOnlyForDeploymentPostprocessing = 0;
		};
/* End PBXFrameworksBuildPhase section */

/* Begin PBXGroup section */
		A44B9CFB2BC51993008D9EC7 /* Extensions */ = {
			isa = PBXGroup;
			children = (
				A4D336312BC2A17A003014CE /* Date.swift */,
				A44B9CF92BC5195B008D9EC7 /* UUID.swift */,
			);
			path = Extensions;
			sourceTree = "<group>";
		};
		A44B9CFC2BC51D93008D9EC7 /* Subviews */ = {
			isa = PBXGroup;
			children = (
				A4D3363B2BC320AC003014CE /* MenuItemView.swift */,
				A44B9CFF2BC5424E008D9EC7 /* OrderProgressView.swift */,
				A44B9D2A2BC7E055008D9EC7 /* CustomAlertView.swift */,
			);
			path = Subviews;
			sourceTree = "<group>";
		};
		A44B9D192BC70F8B008D9EC7 /* Menu */ = {
			isa = PBXGroup;
			children = (
				A4D7CF232BC0792400FA5650 /* MenuView.swift */,
				A4D7CF252BC0793A00FA5650 /* MenuViewModel.swift */,
				A44B9D0B2BC6BC1C008D9EC7 /* MenuDetailView.swift */,
				A44B9D342BC81C77008D9EC7 /* MenuDetailViewModel.swift */,
			);
			path = Menu;
			sourceTree = "<group>";
		};
		A44B9D1A2BC70F9C008D9EC7 /* Reservation */ = {
			isa = PBXGroup;
			children = (
				A4B960912BC1DABF00CFF624 /* ReserveView.swift */,
				A44B9D382BC822AA008D9EC7 /* ReserveViewModel.swift */,
			);
			path = Reservation;
			sourceTree = "<group>";
		};
		A44B9D1B2BC70FA3008D9EC7 /* ReservationList */ = {
			isa = PBXGroup;
			children = (
				A44B9D0D2BC6C4C0008D9EC7 /* ReservationListView.swift */,
				A44B9D362BC82000008D9EC7 /* ReservationListViewModel.swift */,
			);
			path = ReservationList;
			sourceTree = "<group>";
		};
		A44B9D1C2BC70FCC008D9EC7 /* Order */ = {
			isa = PBXGroup;
			children = (
				A4D336332BC2AE0F003014CE /* OrderMenuView.swift */,
				A44B9D2E2BC7ED34008D9EC7 /* OrderMenuViewModel.swift */,
				A4B960892BC0894F00CFF624 /* BasketView.swift */,
				A44B9D2C2BC7E8FE008D9EC7 /* BasketViewModel.swift */,
				A4D7CEF12BC01DDF00FA5650 /* OrderView.swift */,
				A44B9D282BC7BC8C008D9EC7 /* OrderViewModel.swift */,
			);
			path = Order;
			sourceTree = "<group>";
		};
		A44B9D1D2BC70FD5008D9EC7 /* OrderList */ = {
			isa = PBXGroup;
			children = (
				A4A94B642BC4479300E163ED /* OrderListView.swift */,
				A44B9D302BC7F3B8008D9EC7 /* OrderListViewModel.swift */,
				A44B9CFD2BC53E83008D9EC7 /* OrderDetailView.swift */,
				A44B9D322BC81357008D9EC7 /* OrderDetailViewModel.swift */,
			);
			path = OrderList;
			sourceTree = "<group>";
		};
		A44B9D222BC720E8008D9EC7 /* DeliveryChecker */ = {
			isa = PBXGroup;
			children = (
				A4D7CF1B2BC02C1300FA5650 /* ApiCaller.swift */,
				A44B9D072BC5B0C1008D9EC7 /* ApiError.swift */,
				A44B9D232BC720FD008D9EC7 /* DeliveryCheckerType.swift */,
				A44B9D202BC720B9008D9EC7 /* DeliveryChecker.swift */,
				A44B9D252BC7210C008D9EC7 /* DeliveryOption.swift */,
				A4D7CF1D2BC0349000FA5650 /* DistanceCalculator.swift */,
			);
			path = DeliveryChecker;
			sourceTree = "<group>";
		};
		A44B9D272BC72137008D9EC7 /* DataCommunicator */ = {
			isa = PBXGroup;
			children = (
				A4D336832BC3F743003014CE /* FirebaseHandler.swift */,
				A44B9D1E2BC71C1E008D9EC7 /* DataCommunicator.swift */,
				A44B9D092BC5B18D008D9EC7 /* NetworkingError.swift */,
			);
			path = DataCommunicator;
			sourceTree = "<group>";
		};
		A4B9608D2BC1D83B00CFF624 /* Model */ = {
			isa = PBXGroup;
			children = (
				A4D7CF192BC029F400FA5650 /* GeocodeResponse.swift */,
				A4D336372BC2B274003014CE /* Menu.json */,
				A4D336392BC2B3B0003014CE /* Menu.swift */,
				A44B9CF72BC518FE008D9EC7 /* MenuItem.swift */,
				A4D3363D2BC3F08B003014CE /* Order.swift */,
				A44B9D012BC5B05C008D9EC7 /* OrderStatus.swift */,
				A44B9D032BC5B06C008D9EC7 /* Address.swift */,
				A44B9CF32BC51886008D9EC7 /* Reservation.swift */,
				A44B9D052BC5B09C008D9EC7 /* ReservationStatus.swift */,
				A44B9CF52BC518EC008D9EC7 /* RestaurantLocation.swift */,
			);
			path = Model;
			sourceTree = "<group>";
		};
		A4B9608E2BC1D84F00CFF624 /* Views */ = {
			isa = PBXGroup;
			children = (
				A4B9608B2BC15E3200CFF624 /* LandingView.swift */,
				A44B9D192BC70F8B008D9EC7 /* Menu */,
				A44B9D1A2BC70F9C008D9EC7 /* Reservation */,
				A44B9D1B2BC70FA3008D9EC7 /* ReservationList */,
				A44B9D1C2BC70FCC008D9EC7 /* Order */,
				A44B9D1D2BC70FD5008D9EC7 /* OrderList */,
				A44B9CFC2BC51D93008D9EC7 /* Subviews */,
			);
			path = Views;
			sourceTree = "<group>";
		};
		A4B9608F2BC1D85E00CFF624 /* Networking */ = {
			isa = PBXGroup;
			children = (
				A44B9D222BC720E8008D9EC7 /* DeliveryChecker */,
				A44B9D272BC72137008D9EC7 /* DataCommunicator */,
			);
			path = Networking;
			sourceTree = "<group>";
		};
		A4B960902BC1D86A00CFF624 /* Modules */ = {
			isa = PBXGroup;
			children = (
				A4A94B622BC42A2B00E163ED /* NavigationPopper.swift */,
			);
			path = Modules;
			sourceTree = "<group>";
		};
		A4D7CEE32BC01DDF00FA5650 = {
			isa = PBXGroup;
			children = (
				A4D7CEEE2BC01DDF00FA5650 /* Spacca Napoli */,
				A4D7CEFF2BC01DE300FA5650 /* Spacca NapoliTests */,
				A4D7CF092BC01DE300FA5650 /* Spacca NapoliUITests */,
				A4D7CEED2BC01DDF00FA5650 /* Products */,
			);
			sourceTree = "<group>";
		};
		A4D7CEED2BC01DDF00FA5650 /* Products */ = {
			isa = PBXGroup;
			children = (
				A4D7CEEC2BC01DDF00FA5650 /* Spacca Napoli.app */,
				A4D7CEFC2BC01DE300FA5650 /* Spacca NapoliTests.xctest */,
				A4D7CF062BC01DE300FA5650 /* Spacca NapoliUITests.xctest */,
			);
			name = Products;
			sourceTree = "<group>";
		};
		A4D7CEEE2BC01DDF00FA5650 /* Spacca Napoli */ = {
			isa = PBXGroup;
			children = (
				A4D7CEEF2BC01DDF00FA5650 /* Spacca_NapoliApp.swift */,
				A44B9CFB2BC51993008D9EC7 /* Extensions */,
				A4B960902BC1D86A00CFF624 /* Modules */,
				A4B9608D2BC1D83B00CFF624 /* Model */,
				A4B9608F2BC1D85E00CFF624 /* Networking */,
				A4B9608E2BC1D84F00CFF624 /* Views */,
				A4D7CEF32BC01DE200FA5650 /* Assets.xcassets */,
				A4D3363F2BC3F486003014CE /* GoogleService-Info.plist */,
				A4D7CEF52BC01DE200FA5650 /* Preview Content */,
			);
			path = "Spacca Napoli";
			sourceTree = "<group>";
		};
		A4D7CEF52BC01DE200FA5650 /* Preview Content */ = {
			isa = PBXGroup;
			children = (
				A4D7CEF62BC01DE200FA5650 /* Preview Assets.xcassets */,
			);
			path = "Preview Content";
			sourceTree = "<group>";
		};
		A4D7CEFF2BC01DE300FA5650 /* Spacca NapoliTests */ = {
			isa = PBXGroup;
			children = (
				A4D7CF002BC01DE300FA5650 /* Spacca_NapoliTests.swift */,
			);
			path = "Spacca NapoliTests";
			sourceTree = "<group>";
		};
		A4D7CF092BC01DE300FA5650 /* Spacca NapoliUITests */ = {
			isa = PBXGroup;
			children = (
				A4D7CF0A2BC01DE300FA5650 /* Spacca_NapoliUITests.swift */,
				A4D7CF0C2BC01DE300FA5650 /* Spacca_NapoliUITestsLaunchTests.swift */,
			);
			path = "Spacca NapoliUITests";
			sourceTree = "<group>";
		};
/* End PBXGroup section */

/* Begin PBXNativeTarget section */
		A4D7CEEB2BC01DDF00FA5650 /* Spacca Napoli */ = {
			isa = PBXNativeTarget;
			buildConfigurationList = A4D7CF102BC01DE300FA5650 /* Build configuration list for PBXNativeTarget "Spacca Napoli" */;
			buildPhases = (
				A4D7CEE82BC01DDF00FA5650 /* Sources */,
				A4D7CEE92BC01DDF00FA5650 /* Frameworks */,
				A4D7CEEA2BC01DDF00FA5650 /* Resources */,
			);
			buildRules = (
			);
			dependencies = (
			);
			name = "Spacca Napoli";
			packageProductDependencies = (
				A4D336422BC3F4FF003014CE /* FirebaseAuth */,
				A4D336442BC3F4FF003014CE /* FirebaseFirestore */,
			);
			productName = "Spacca Napoli";
			productReference = A4D7CEEC2BC01DDF00FA5650 /* Spacca Napoli.app */;
			productType = "com.apple.product-type.application";
		};
		A4D7CEFB2BC01DE300FA5650 /* Spacca NapoliTests */ = {
			isa = PBXNativeTarget;
			buildConfigurationList = A4D7CF132BC01DE300FA5650 /* Build configuration list for PBXNativeTarget "Spacca NapoliTests" */;
			buildPhases = (
				A4D7CEF82BC01DE300FA5650 /* Sources */,
				A4D7CEF92BC01DE300FA5650 /* Frameworks */,
				A4D7CEFA2BC01DE300FA5650 /* Resources */,
			);
			buildRules = (
			);
			dependencies = (
				A4D7CEFE2BC01DE300FA5650 /* PBXTargetDependency */,
			);
			name = "Spacca NapoliTests";
			productName = "Spacca NapoliTests";
			productReference = A4D7CEFC2BC01DE300FA5650 /* Spacca NapoliTests.xctest */;
			productType = "com.apple.product-type.bundle.unit-test";
		};
		A4D7CF052BC01DE300FA5650 /* Spacca NapoliUITests */ = {
			isa = PBXNativeTarget;
			buildConfigurationList = A4D7CF162BC01DE300FA5650 /* Build configuration list for PBXNativeTarget "Spacca NapoliUITests" */;
			buildPhases = (
				A4D7CF022BC01DE300FA5650 /* Sources */,
				A4D7CF032BC01DE300FA5650 /* Frameworks */,
				A4D7CF042BC01DE300FA5650 /* Resources */,
			);
			buildRules = (
			);
			dependencies = (
				A4D7CF082BC01DE300FA5650 /* PBXTargetDependency */,
			);
			name = "Spacca NapoliUITests";
			productName = "Spacca NapoliUITests";
			productReference = A4D7CF062BC01DE300FA5650 /* Spacca NapoliUITests.xctest */;
			productType = "com.apple.product-type.bundle.ui-testing";
		};
/* End PBXNativeTarget section */

/* Begin PBXProject section */
		A4D7CEE42BC01DDF00FA5650 /* Project object */ = {
			isa = PBXProject;
			attributes = {
				BuildIndependentTargetsInParallel = 1;
				LastSwiftUpdateCheck = 1530;
				LastUpgradeCheck = 1530;
				TargetAttributes = {
					A4D7CEEB2BC01DDF00FA5650 = {
						CreatedOnToolsVersion = 15.3;
					};
					A4D7CEFB2BC01DE300FA5650 = {
						CreatedOnToolsVersion = 15.3;
						TestTargetID = A4D7CEEB2BC01DDF00FA5650;
					};
					A4D7CF052BC01DE300FA5650 = {
						CreatedOnToolsVersion = 15.3;
						TestTargetID = A4D7CEEB2BC01DDF00FA5650;
					};
				};
			};
			buildConfigurationList = A4D7CEE72BC01DDF00FA5650 /* Build configuration list for PBXProject "Spacca Napoli" */;
			compatibilityVersion = "Xcode 14.0";
			developmentRegion = en;
			hasScannedForEncodings = 0;
			knownRegions = (
				en,
				Base,
			);
			mainGroup = A4D7CEE32BC01DDF00FA5650;
			packageReferences = (
				A4D336412BC3F4FF003014CE /* XCRemoteSwiftPackageReference "firebase-ios-sdk" */,
			);
			productRefGroup = A4D7CEED2BC01DDF00FA5650 /* Products */;
			projectDirPath = "";
			projectRoot = "";
			targets = (
				A4D7CEEB2BC01DDF00FA5650 /* Spacca Napoli */,
				A4D7CEFB2BC01DE300FA5650 /* Spacca NapoliTests */,
				A4D7CF052BC01DE300FA5650 /* Spacca NapoliUITests */,
			);
		};
/* End PBXProject section */

/* Begin PBXResourcesBuildPhase section */
		A4D7CEEA2BC01DDF00FA5650 /* Resources */ = {
			isa = PBXResourcesBuildPhase;
			buildActionMask = 2147483647;
			files = (
				A4D7CEF72BC01DE200FA5650 /* Preview Assets.xcassets in Resources */,
				A4D336402BC3F486003014CE /* GoogleService-Info.plist in Resources */,
				A4D336382BC2B274003014CE /* Menu.json in Resources */,
				A4D7CEF42BC01DE200FA5650 /* Assets.xcassets in Resources */,
			);
			runOnlyForDeploymentPostprocessing = 0;
		};
		A4D7CEFA2BC01DE300FA5650 /* Resources */ = {
			isa = PBXResourcesBuildPhase;
			buildActionMask = 2147483647;
			files = (
			);
			runOnlyForDeploymentPostprocessing = 0;
		};
		A4D7CF042BC01DE300FA5650 /* Resources */ = {
			isa = PBXResourcesBuildPhase;
			buildActionMask = 2147483647;
			files = (
			);
			runOnlyForDeploymentPostprocessing = 0;
		};
/* End PBXResourcesBuildPhase section */

/* Begin PBXSourcesBuildPhase section */
		A4D7CEE82BC01DDF00FA5650 /* Sources */ = {
			isa = PBXSourcesBuildPhase;
			buildActionMask = 2147483647;
			files = (
				A4D336342BC2AE0F003014CE /* OrderMenuView.swift in Sources */,
				A4A94B652BC4479300E163ED /* OrderListView.swift in Sources */,
				A44B9D042BC5B06C008D9EC7 /* Address.swift in Sources */,
				A44B9D292BC7BC8C008D9EC7 /* OrderViewModel.swift in Sources */,
				A44B9D2F2BC7ED34008D9EC7 /* OrderMenuViewModel.swift in Sources */,
				A44B9CF42BC51886008D9EC7 /* Reservation.swift in Sources */,
				A4B9608A2BC0894F00CFF624 /* BasketView.swift in Sources */,
				A44B9D242BC720FD008D9EC7 /* DeliveryCheckerType.swift in Sources */,
				A4D3363E2BC3F08B003014CE /* Order.swift in Sources */,
				A44B9CFE2BC53E83008D9EC7 /* OrderDetailView.swift in Sources */,
				A44B9D352BC81C77008D9EC7 /* MenuDetailViewModel.swift in Sources */,
				A44B9CFA2BC5195B008D9EC7 /* UUID.swift in Sources */,
				A4D7CF242BC0792400FA5650 /* MenuView.swift in Sources */,
				A44B9CF62BC518EC008D9EC7 /* RestaurantLocation.swift in Sources */,
				A44B9D262BC7210C008D9EC7 /* DeliveryOption.swift in Sources */,
				A4D336842BC3F743003014CE /* FirebaseHandler.swift in Sources */,
				A44B9D372BC82000008D9EC7 /* ReservationListViewModel.swift in Sources */,
				A44B9D392BC822AA008D9EC7 /* ReserveViewModel.swift in Sources */,
				A44B9D312BC7F3B8008D9EC7 /* OrderListViewModel.swift in Sources */,
				A44B9D2D2BC7E8FE008D9EC7 /* BasketViewModel.swift in Sources */,
				A4D7CF1E2BC0349000FA5650 /* DistanceCalculator.swift in Sources */,
				A44B9D0C2BC6BC1C008D9EC7 /* MenuDetailView.swift in Sources */,
				A44B9D332BC81357008D9EC7 /* OrderDetailViewModel.swift in Sources */,
				A44B9D0E2BC6C4C0008D9EC7 /* ReservationListView.swift in Sources */,
				A4D7CEF22BC01DDF00FA5650 /* OrderView.swift in Sources */,
				A4D7CF1A2BC029F400FA5650 /* GeocodeResponse.swift in Sources */,
				A44B9D0A2BC5B18D008D9EC7 /* NetworkingError.swift in Sources */,
				A44B9D212BC720B9008D9EC7 /* DeliveryChecker.swift in Sources */,
				A44B9D2B2BC7E055008D9EC7 /* CustomAlertView.swift in Sources */,
				A4D3363A2BC2B3B0003014CE /* Menu.swift in Sources */,
				A44B9D002BC5424E008D9EC7 /* OrderProgressView.swift in Sources */,
				A4A94B632BC42A2B00E163ED /* NavigationPopper.swift in Sources */,
				A4D7CEF02BC01DDF00FA5650 /* Spacca_NapoliApp.swift in Sources */,
				A4B960922BC1DABF00CFF624 /* ReserveView.swift in Sources */,
				A44B9D022BC5B05D008D9EC7 /* OrderStatus.swift in Sources */,
				A4D7CF1C2BC02C1300FA5650 /* ApiCaller.swift in Sources */,
				A44B9D082BC5B0C1008D9EC7 /* ApiError.swift in Sources */,
				A44B9D062BC5B09C008D9EC7 /* ReservationStatus.swift in Sources */,
				A4D3363C2BC320AC003014CE /* MenuItemView.swift in Sources */,
				A4B9608C2BC15E3200CFF624 /* LandingView.swift in Sources */,
				A44B9D1F2BC71C1E008D9EC7 /* DataCommunicator.swift in Sources */,
				A44B9CF82BC518FE008D9EC7 /* MenuItem.swift in Sources */,
				A4D336322BC2A17A003014CE /* Date.swift in Sources */,
				A4D7CF262BC0793A00FA5650 /* MenuViewModel.swift in Sources */,
			);
			runOnlyForDeploymentPostprocessing = 0;
		};
		A4D7CEF82BC01DE300FA5650 /* Sources */ = {
			isa = PBXSourcesBuildPhase;
			buildActionMask = 2147483647;
			files = (
				A4D7CF012BC01DE300FA5650 /* Spacca_NapoliTests.swift in Sources */,
			);
			runOnlyForDeploymentPostprocessing = 0;
		};
		A4D7CF022BC01DE300FA5650 /* Sources */ = {
			isa = PBXSourcesBuildPhase;
			buildActionMask = 2147483647;
			files = (
				A4D7CF0D2BC01DE300FA5650 /* Spacca_NapoliUITestsLaunchTests.swift in Sources */,
				A4D7CF0B2BC01DE300FA5650 /* Spacca_NapoliUITests.swift in Sources */,
			);
			runOnlyForDeploymentPostprocessing = 0;
		};
/* End PBXSourcesBuildPhase section */

/* Begin PBXTargetDependency section */
		A4D7CEFE2BC01DE300FA5650 /* PBXTargetDependency */ = {
			isa = PBXTargetDependency;
			target = A4D7CEEB2BC01DDF00FA5650 /* Spacca Napoli */;
			targetProxy = A4D7CEFD2BC01DE300FA5650 /* PBXContainerItemProxy */;
		};
		A4D7CF082BC01DE300FA5650 /* PBXTargetDependency */ = {
			isa = PBXTargetDependency;
			target = A4D7CEEB2BC01DDF00FA5650 /* Spacca Napoli */;
			targetProxy = A4D7CF072BC01DE300FA5650 /* PBXContainerItemProxy */;
		};
/* End PBXTargetDependency section */

/* Begin XCBuildConfiguration section */
		A4D7CF0E2BC01DE300FA5650 /* Debug */ = {
			isa = XCBuildConfiguration;
			buildSettings = {
				ALWAYS_SEARCH_USER_PATHS = NO;
				ASSETCATALOG_COMPILER_GENERATE_SWIFT_ASSET_SYMBOL_EXTENSIONS = YES;
				CLANG_ANALYZER_NONNULL = YES;
				CLANG_ANALYZER_NUMBER_OBJECT_CONVERSION = YES_AGGRESSIVE;
				CLANG_CXX_LANGUAGE_STANDARD = "gnu++20";
				CLANG_ENABLE_MODULES = YES;
				CLANG_ENABLE_OBJC_ARC = YES;
				CLANG_ENABLE_OBJC_WEAK = YES;
				CLANG_WARN_BLOCK_CAPTURE_AUTORELEASING = YES;
				CLANG_WARN_BOOL_CONVERSION = YES;
				CLANG_WARN_COMMA = YES;
				CLANG_WARN_CONSTANT_CONVERSION = YES;
				CLANG_WARN_DEPRECATED_OBJC_IMPLEMENTATIONS = YES;
				CLANG_WARN_DIRECT_OBJC_ISA_USAGE = YES_ERROR;
				CLANG_WARN_DOCUMENTATION_COMMENTS = YES;
				CLANG_WARN_EMPTY_BODY = YES;
				CLANG_WARN_ENUM_CONVERSION = YES;
				CLANG_WARN_INFINITE_RECURSION = YES;
				CLANG_WARN_INT_CONVERSION = YES;
				CLANG_WARN_NON_LITERAL_NULL_CONVERSION = YES;
				CLANG_WARN_OBJC_IMPLICIT_RETAIN_SELF = YES;
				CLANG_WARN_OBJC_LITERAL_CONVERSION = YES;
				CLANG_WARN_OBJC_ROOT_CLASS = YES_ERROR;
				CLANG_WARN_QUOTED_INCLUDE_IN_FRAMEWORK_HEADER = YES;
				CLANG_WARN_RANGE_LOOP_ANALYSIS = YES;
				CLANG_WARN_STRICT_PROTOTYPES = YES;
				CLANG_WARN_SUSPICIOUS_MOVE = YES;
				CLANG_WARN_UNGUARDED_AVAILABILITY = YES_AGGRESSIVE;
				CLANG_WARN_UNREACHABLE_CODE = YES;
				CLANG_WARN__DUPLICATE_METHOD_MATCH = YES;
				COPY_PHASE_STRIP = NO;
				DEBUG_INFORMATION_FORMAT = dwarf;
				ENABLE_STRICT_OBJC_MSGSEND = YES;
				ENABLE_TESTABILITY = YES;
				ENABLE_USER_SCRIPT_SANDBOXING = YES;
				GCC_C_LANGUAGE_STANDARD = gnu17;
				GCC_DYNAMIC_NO_PIC = NO;
				GCC_NO_COMMON_BLOCKS = YES;
				GCC_OPTIMIZATION_LEVEL = 0;
				GCC_PREPROCESSOR_DEFINITIONS = (
					"DEBUG=1",
					"$(inherited)",
				);
				GCC_WARN_64_TO_32_BIT_CONVERSION = YES;
				GCC_WARN_ABOUT_RETURN_TYPE = YES_ERROR;
				GCC_WARN_UNDECLARED_SELECTOR = YES;
				GCC_WARN_UNINITIALIZED_AUTOS = YES_AGGRESSIVE;
				GCC_WARN_UNUSED_FUNCTION = YES;
				GCC_WARN_UNUSED_VARIABLE = YES;
				IPHONEOS_DEPLOYMENT_TARGET = 17.0;
				LOCALIZATION_PREFERS_STRING_CATALOGS = YES;
				MTL_ENABLE_DEBUG_INFO = INCLUDE_SOURCE;
				MTL_FAST_MATH = YES;
				ONLY_ACTIVE_ARCH = YES;
				SDKROOT = iphoneos;
				SWIFT_ACTIVE_COMPILATION_CONDITIONS = "DEBUG $(inherited)";
				SWIFT_OPTIMIZATION_LEVEL = "-Onone";
			};
			name = Debug;
		};
		A4D7CF0F2BC01DE300FA5650 /* Release */ = {
			isa = XCBuildConfiguration;
			buildSettings = {
				ALWAYS_SEARCH_USER_PATHS = NO;
				ASSETCATALOG_COMPILER_GENERATE_SWIFT_ASSET_SYMBOL_EXTENSIONS = YES;
				CLANG_ANALYZER_NONNULL = YES;
				CLANG_ANALYZER_NUMBER_OBJECT_CONVERSION = YES_AGGRESSIVE;
				CLANG_CXX_LANGUAGE_STANDARD = "gnu++20";
				CLANG_ENABLE_MODULES = YES;
				CLANG_ENABLE_OBJC_ARC = YES;
				CLANG_ENABLE_OBJC_WEAK = YES;
				CLANG_WARN_BLOCK_CAPTURE_AUTORELEASING = YES;
				CLANG_WARN_BOOL_CONVERSION = YES;
				CLANG_WARN_COMMA = YES;
				CLANG_WARN_CONSTANT_CONVERSION = YES;
				CLANG_WARN_DEPRECATED_OBJC_IMPLEMENTATIONS = YES;
				CLANG_WARN_DIRECT_OBJC_ISA_USAGE = YES_ERROR;
				CLANG_WARN_DOCUMENTATION_COMMENTS = YES;
				CLANG_WARN_EMPTY_BODY = YES;
				CLANG_WARN_ENUM_CONVERSION = YES;
				CLANG_WARN_INFINITE_RECURSION = YES;
				CLANG_WARN_INT_CONVERSION = YES;
				CLANG_WARN_NON_LITERAL_NULL_CONVERSION = YES;
				CLANG_WARN_OBJC_IMPLICIT_RETAIN_SELF = YES;
				CLANG_WARN_OBJC_LITERAL_CONVERSION = YES;
				CLANG_WARN_OBJC_ROOT_CLASS = YES_ERROR;
				CLANG_WARN_QUOTED_INCLUDE_IN_FRAMEWORK_HEADER = YES;
				CLANG_WARN_RANGE_LOOP_ANALYSIS = YES;
				CLANG_WARN_STRICT_PROTOTYPES = YES;
				CLANG_WARN_SUSPICIOUS_MOVE = YES;
				CLANG_WARN_UNGUARDED_AVAILABILITY = YES_AGGRESSIVE;
				CLANG_WARN_UNREACHABLE_CODE = YES;
				CLANG_WARN__DUPLICATE_METHOD_MATCH = YES;
				COPY_PHASE_STRIP = NO;
				DEBUG_INFORMATION_FORMAT = "dwarf-with-dsym";
				ENABLE_NS_ASSERTIONS = NO;
				ENABLE_STRICT_OBJC_MSGSEND = YES;
				ENABLE_USER_SCRIPT_SANDBOXING = YES;
				GCC_C_LANGUAGE_STANDARD = gnu17;
				GCC_NO_COMMON_BLOCKS = YES;
				GCC_WARN_64_TO_32_BIT_CONVERSION = YES;
				GCC_WARN_ABOUT_RETURN_TYPE = YES_ERROR;
				GCC_WARN_UNDECLARED_SELECTOR = YES;
				GCC_WARN_UNINITIALIZED_AUTOS = YES_AGGRESSIVE;
				GCC_WARN_UNUSED_FUNCTION = YES;
				GCC_WARN_UNUSED_VARIABLE = YES;
				IPHONEOS_DEPLOYMENT_TARGET = 17.0;
				LOCALIZATION_PREFERS_STRING_CATALOGS = YES;
				MTL_ENABLE_DEBUG_INFO = NO;
				MTL_FAST_MATH = YES;
				SDKROOT = iphoneos;
				SWIFT_COMPILATION_MODE = wholemodule;
				VALIDATE_PRODUCT = YES;
			};
			name = Release;
		};
		A4D7CF112BC01DE300FA5650 /* Debug */ = {
			isa = XCBuildConfiguration;
			buildSettings = {
				ASSETCATALOG_COMPILER_APPICON_NAME = AppIcon;
				ASSETCATALOG_COMPILER_GLOBAL_ACCENT_COLOR_NAME = AccentColor;
				CODE_SIGN_STYLE = Automatic;
				CURRENT_PROJECT_VERSION = 1;
				DEVELOPMENT_ASSET_PATHS = "\"Spacca Napoli/Preview Content\"";
				DEVELOPMENT_TEAM = CM9HQPL8H2;
				ENABLE_PREVIEWS = YES;
				GENERATE_INFOPLIST_FILE = YES;
				INFOPLIST_KEY_UIApplicationSceneManifest_Generation = YES;
				INFOPLIST_KEY_UIApplicationSupportsIndirectInputEvents = YES;
				INFOPLIST_KEY_UILaunchScreen_Generation = YES;
				INFOPLIST_KEY_UISupportedInterfaceOrientations_iPad = "UIInterfaceOrientationPortrait UIInterfaceOrientationPortraitUpsideDown UIInterfaceOrientationLandscapeLeft UIInterfaceOrientationLandscapeRight";
				INFOPLIST_KEY_UISupportedInterfaceOrientations_iPhone = "UIInterfaceOrientationPortrait UIInterfaceOrientationLandscapeLeft UIInterfaceOrientationLandscapeRight";
				LD_RUNPATH_SEARCH_PATHS = (
					"$(inherited)",
					"@executable_path/Frameworks",
				);
				MARKETING_VERSION = 1.0;
				PRODUCT_BUNDLE_IDENTIFIER = "com.flashyhuckle.Spacca-Napoli";
				PRODUCT_NAME = "$(TARGET_NAME)";
				SWIFT_EMIT_LOC_STRINGS = YES;
				SWIFT_VERSION = 5.0;
				TARGETED_DEVICE_FAMILY = "1,2";
			};
			name = Debug;
		};
		A4D7CF122BC01DE300FA5650 /* Release */ = {
			isa = XCBuildConfiguration;
			buildSettings = {
				ASSETCATALOG_COMPILER_APPICON_NAME = AppIcon;
				ASSETCATALOG_COMPILER_GLOBAL_ACCENT_COLOR_NAME = AccentColor;
				CODE_SIGN_STYLE = Automatic;
				CURRENT_PROJECT_VERSION = 1;
				DEVELOPMENT_ASSET_PATHS = "\"Spacca Napoli/Preview Content\"";
				DEVELOPMENT_TEAM = CM9HQPL8H2;
				ENABLE_PREVIEWS = YES;
				GENERATE_INFOPLIST_FILE = YES;
				INFOPLIST_KEY_UIApplicationSceneManifest_Generation = YES;
				INFOPLIST_KEY_UIApplicationSupportsIndirectInputEvents = YES;
				INFOPLIST_KEY_UILaunchScreen_Generation = YES;
				INFOPLIST_KEY_UISupportedInterfaceOrientations_iPad = "UIInterfaceOrientationPortrait UIInterfaceOrientationPortraitUpsideDown UIInterfaceOrientationLandscapeLeft UIInterfaceOrientationLandscapeRight";
				INFOPLIST_KEY_UISupportedInterfaceOrientations_iPhone = "UIInterfaceOrientationPortrait UIInterfaceOrientationLandscapeLeft UIInterfaceOrientationLandscapeRight";
				LD_RUNPATH_SEARCH_PATHS = (
					"$(inherited)",
					"@executable_path/Frameworks",
				);
				MARKETING_VERSION = 1.0;
				PRODUCT_BUNDLE_IDENTIFIER = "com.flashyhuckle.Spacca-Napoli";
				PRODUCT_NAME = "$(TARGET_NAME)";
				SWIFT_EMIT_LOC_STRINGS = YES;
				SWIFT_VERSION = 5.0;
				TARGETED_DEVICE_FAMILY = "1,2";
			};
			name = Release;
		};
		A4D7CF142BC01DE300FA5650 /* Debug */ = {
			isa = XCBuildConfiguration;
			buildSettings = {
				ALWAYS_EMBED_SWIFT_STANDARD_LIBRARIES = YES;
				BUNDLE_LOADER = "$(TEST_HOST)";
				CODE_SIGN_STYLE = Automatic;
				CURRENT_PROJECT_VERSION = 1;
				DEVELOPMENT_TEAM = CM9HQPL8H2;
				GENERATE_INFOPLIST_FILE = YES;
				IPHONEOS_DEPLOYMENT_TARGET = 17.4;
				MARKETING_VERSION = 1.0;
				PRODUCT_BUNDLE_IDENTIFIER = "com.flashyhuckle.Spacca-NapoliTests";
				PRODUCT_NAME = "$(TARGET_NAME)";
				SWIFT_EMIT_LOC_STRINGS = NO;
				SWIFT_VERSION = 5.0;
				TARGETED_DEVICE_FAMILY = "1,2";
				TEST_HOST = "$(BUILT_PRODUCTS_DIR)/Spacca Napoli.app/$(BUNDLE_EXECUTABLE_FOLDER_PATH)/Spacca Napoli";
			};
			name = Debug;
		};
		A4D7CF152BC01DE300FA5650 /* Release */ = {
			isa = XCBuildConfiguration;
			buildSettings = {
				ALWAYS_EMBED_SWIFT_STANDARD_LIBRARIES = YES;
				BUNDLE_LOADER = "$(TEST_HOST)";
				CODE_SIGN_STYLE = Automatic;
				CURRENT_PROJECT_VERSION = 1;
				DEVELOPMENT_TEAM = CM9HQPL8H2;
				GENERATE_INFOPLIST_FILE = YES;
				IPHONEOS_DEPLOYMENT_TARGET = 17.4;
				MARKETING_VERSION = 1.0;
				PRODUCT_BUNDLE_IDENTIFIER = "com.flashyhuckle.Spacca-NapoliTests";
				PRODUCT_NAME = "$(TARGET_NAME)";
				SWIFT_EMIT_LOC_STRINGS = NO;
				SWIFT_VERSION = 5.0;
				TARGETED_DEVICE_FAMILY = "1,2";
				TEST_HOST = "$(BUILT_PRODUCTS_DIR)/Spacca Napoli.app/$(BUNDLE_EXECUTABLE_FOLDER_PATH)/Spacca Napoli";
			};
			name = Release;
		};
		A4D7CF172BC01DE300FA5650 /* Debug */ = {
			isa = XCBuildConfiguration;
			buildSettings = {
				ALWAYS_EMBED_SWIFT_STANDARD_LIBRARIES = YES;
				CODE_SIGN_STYLE = Automatic;
				CURRENT_PROJECT_VERSION = 1;
				DEVELOPMENT_TEAM = CM9HQPL8H2;
				GENERATE_INFOPLIST_FILE = YES;
				MARKETING_VERSION = 1.0;
				PRODUCT_BUNDLE_IDENTIFIER = "com.flashyhuckle.Spacca-NapoliUITests";
				PRODUCT_NAME = "$(TARGET_NAME)";
				SWIFT_EMIT_LOC_STRINGS = NO;
				SWIFT_VERSION = 5.0;
				TARGETED_DEVICE_FAMILY = "1,2";
				TEST_TARGET_NAME = "Spacca Napoli";
			};
			name = Debug;
		};
		A4D7CF182BC01DE300FA5650 /* Release */ = {
			isa = XCBuildConfiguration;
			buildSettings = {
				ALWAYS_EMBED_SWIFT_STANDARD_LIBRARIES = YES;
				CODE_SIGN_STYLE = Automatic;
				CURRENT_PROJECT_VERSION = 1;
				DEVELOPMENT_TEAM = CM9HQPL8H2;
				GENERATE_INFOPLIST_FILE = YES;
				MARKETING_VERSION = 1.0;
				PRODUCT_BUNDLE_IDENTIFIER = "com.flashyhuckle.Spacca-NapoliUITests";
				PRODUCT_NAME = "$(TARGET_NAME)";
				SWIFT_EMIT_LOC_STRINGS = NO;
				SWIFT_VERSION = 5.0;
				TARGETED_DEVICE_FAMILY = "1,2";
				TEST_TARGET_NAME = "Spacca Napoli";
			};
			name = Release;
		};
/* End XCBuildConfiguration section */

/* Begin XCConfigurationList section */
		A4D7CEE72BC01DDF00FA5650 /* Build configuration list for PBXProject "Spacca Napoli" */ = {
			isa = XCConfigurationList;
			buildConfigurations = (
				A4D7CF0E2BC01DE300FA5650 /* Debug */,
				A4D7CF0F2BC01DE300FA5650 /* Release */,
			);
			defaultConfigurationIsVisible = 0;
			defaultConfigurationName = Release;
		};
		A4D7CF102BC01DE300FA5650 /* Build configuration list for PBXNativeTarget "Spacca Napoli" */ = {
			isa = XCConfigurationList;
			buildConfigurations = (
				A4D7CF112BC01DE300FA5650 /* Debug */,
				A4D7CF122BC01DE300FA5650 /* Release */,
			);
			defaultConfigurationIsVisible = 0;
			defaultConfigurationName = Release;
		};
		A4D7CF132BC01DE300FA5650 /* Build configuration list for PBXNativeTarget "Spacca NapoliTests" */ = {
			isa = XCConfigurationList;
			buildConfigurations = (
				A4D7CF142BC01DE300FA5650 /* Debug */,
				A4D7CF152BC01DE300FA5650 /* Release */,
			);
			defaultConfigurationIsVisible = 0;
			defaultConfigurationName = Release;
		};
		A4D7CF162BC01DE300FA5650 /* Build configuration list for PBXNativeTarget "Spacca NapoliUITests" */ = {
			isa = XCConfigurationList;
			buildConfigurations = (
				A4D7CF172BC01DE300FA5650 /* Debug */,
				A4D7CF182BC01DE300FA5650 /* Release */,
			);
			defaultConfigurationIsVisible = 0;
			defaultConfigurationName = Release;
		};
/* End XCConfigurationList section */

/* Begin XCRemoteSwiftPackageReference section */
		A4D336412BC3F4FF003014CE /* XCRemoteSwiftPackageReference "firebase-ios-sdk" */ = {
			isa = XCRemoteSwiftPackageReference;
			repositoryURL = "https://github.com/firebase/firebase-ios-sdk";
			requirement = {
				kind = upToNextMajorVersion;
				minimumVersion = 10.23.1;
			};
		};
/* End XCRemoteSwiftPackageReference section */

/* Begin XCSwiftPackageProductDependency section */
		A4D336422BC3F4FF003014CE /* FirebaseAuth */ = {
			isa = XCSwiftPackageProductDependency;
			package = A4D336412BC3F4FF003014CE /* XCRemoteSwiftPackageReference "firebase-ios-sdk" */;
			productName = FirebaseAuth;
		};
		A4D336442BC3F4FF003014CE /* FirebaseFirestore */ = {
			isa = XCSwiftPackageProductDependency;
			package = A4D336412BC3F4FF003014CE /* XCRemoteSwiftPackageReference "firebase-ios-sdk" */;
			productName = FirebaseFirestore;
		};
/* End XCSwiftPackageProductDependency section */
	};
	rootObject = A4D7CEE42BC01DDF00FA5650 /* Project object */;
}
